{
  "name": "stretch-project-1",
  "version": "0.0.0",
  "lockfileVersion": 1,
  "requires": true,
  "dependencies": {
    "eslint-config-lighthouselabs": {
      "version": "github:lighthouse-labs/eslint-config-lighthouselabs#5ce4217cee2f4c9177f9ef66e2079cbe6cdd2a6f",
      "from": "github:lighthouse-labs/eslint-config-lighthouselabs",
      "dev": true
    }
  }
}
